
Microsoft Visual Studio Solution File, Format Version 12.00
# Visual Studio 15
VisualStudioVersion = 15.0.28307.1500
MinimumVisualStudioVersion = 10.0.40219.1
Project("{FAE04EC0-301F-11D3-BF4B-00C04F79EFBC}") = "PlayerUI", "PlayerUI\PlayerUI.csproj", "{80EF3E92-1A1E-4C1C-BCCC-1FAB74D33EAF}"
EndProject
Global
	GlobalSection(SolutionConfigurationPlatforms) = preSolution
		Debug|Any CPU = Debug|Any CPU
		Release|Any CPU = Release|Any CPU
	EndGlobalSection
	GlobalSection(ProjectConfigurationPlatforms) = postSolution
		{80EF3E92-1A1E-4C1C-BCCC-1FAB74D33EAF}.Debug|Any CPU.ActiveCfg = Debug|Any CPU
		{80EF3E92-1A1E-4C1C-BCCC-1FAB74D33EAF}.Debug|Any CPU.Build.0 = Debug|Any CPU
		{80EF3E92-1A1E-4C1C-BCCC-1FAB74D33EAF}.Release|Any CPU.ActiveCfg = Release|Any CPU
		{80EF3E92-1A1E-4C1C-BCCC-1FAB74D33EAF}.Release|Any CPU.Build.0 = Release|Any CPU
	EndGlobalSection
	GlobalSection(SolutionProperties) = preSolution
		HideSolutionNode = FALSE
	EndGlobalSection
	GlobalSection(ExtensibilityGlobals) = postSolution
		SolutionGuid = {8F9DB8C1-0DE3-41FD-8257-DB629444CDCC}
	EndGlobalSection
EndGlobal
